
Microsoft Visual Studio Solution File, Format Version 12.00
# Visual Studio 15
VisualStudioVersion = 15.0.28307.645
MinimumVisualStudioVersion = 10.0.40219.1
Project("{FAE04EC0-301F-11D3-BF4B-00C04F79EFBC}") = "FizzBuzz", "FizzBuzz\FizzBuzz.csproj", "{46620265-9412-4B44-960B-240283C82358}"
EndProject
Project("{FAE04EC0-301F-11D3-BF4B-00C04F79EFBC}") = "FizzBuzz.Test", "FizzBuzz.Test\FizzBuzz.Test.csproj", "{94C6226C-BF50-4BF7-A978-29A22FECB659}"
EndProject
Global
	GlobalSection(SolutionConfigurationPlatforms) = preSolution
		Debug|Any CPU = Debug|Any CPU
		Release|Any CPU = Release|Any CPU
	EndGlobalSection
	GlobalSection(ProjectConfigurationPlatforms) = postSolution
		{46620265-9412-4B44-960B-240283C82358}.Debug|Any CPU.ActiveCfg = Debug|Any CPU
		{46620265-9412-4B44-960B-240283C82358}.Debug|Any CPU.Build.0 = Debug|Any CPU
		{46620265-9412-4B44-960B-240283C82358}.Release|Any CPU.ActiveCfg = Release|Any CPU
		{46620265-9412-4B44-960B-240283C82358}.Release|Any CPU.Build.0 = Release|Any CPU
		{94C6226C-BF50-4BF7-A978-29A22FECB659}.Debug|Any CPU.ActiveCfg = Debug|Any CPU
		{94C6226C-BF50-4BF7-A978-29A22FECB659}.Debug|Any CPU.Build.0 = Debug|Any CPU
		{94C6226C-BF50-4BF7-A978-29A22FECB659}.Release|Any CPU.ActiveCfg = Release|Any CPU
		{94C6226C-BF50-4BF7-A978-29A22FECB659}.Release|Any CPU.Build.0 = Release|Any CPU
	EndGlobalSection
	GlobalSection(SolutionProperties) = preSolution
		HideSolutionNode = FALSE
	EndGlobalSection
	GlobalSection(ExtensibilityGlobals) = postSolution
		SolutionGuid = {3B2037BA-628D-4D4B-AD7E-F4404C84ACBC}
	EndGlobalSection
EndGlobal
